schema: '2.0'
stages:
  prepare:
    cmd: python src/create_features_w_params.py
    deps:
    - path: data/adult.data
      hash: md5
      md5: 37e0eaca20883876a1fbe0553fb806b4
      size: 5977437
    - path: data/adult.test
      hash: md5
      md5: 366c746021dc50ad9d933d2817612fc9
      size: 2003132
    - path: src/create_features_w_params.py
      hash: md5
      md5: 4c599dcbee8be853eef6b98ec6607292
      size: 3469
    params:
      params.yaml:
        features.chi2percentile: 50
        features.test_path: data/adult.test
        features.train_path: data/adult.data
    outs:
    - path: data/pipeline.pkl
      hash: md5
      md5: 9f9ae08239bc0bbfa0e463c381b6f2ca
      size: 6072
    - path: data/processed_test_data.csv
      hash: md5
      md5: 8be885343f7be8749e200083b9cd5dcf
      size: 5393665
    - path: data/processed_train_data.csv
      hash: md5
      md5: ea19ac93e78ae6cf1f6aff1f9922939b
      size: 16203178
  preprocess:
    cmd: python src/preprocessing.py
    deps:
    - path: data/global_food_wastage_dataset.csv
      hash: md5
      md5: 702cb1358ccd3b62ec2835cf3aa54082
      size: 320330
    - path: src/preprocessing.py
      hash: md5
      md5: 075af522c32c4d9a20e2e71fbec3c596
      size: 1161
    outs:
    - path: data/processed_global_food_wastage_dataset.csv
      hash: md5
      md5: 69619435e0068de627a1303bcadc32a5
      size: 1485836
